
Microsoft Visual Studio Solution File, Format Version 12.00
# Visual Studio Version 17
VisualStudioVersion = 17.11.35431.28
MinimumVisualStudioVersion = 10.0.40219.1
Project("{9A19103F-16F7-4668-BE54-9A1E7A4F7556}") = "ReactType1.Server", "ReactType1.Server\ReactType1.Server.csproj", "{30C7C4CA-7D28-40E3-A41F-ED3ED615DB94}"
EndProject
Project("{54A90642-561A-4BB1-A94E-469ADEE60C69}") = "reacttype1.client", "reacttype1.client\reacttype1.client.esproj", "{F6298476-30B5-47C6-8E42-59E33A81A2A9}"
EndProject
Project("{9A19103F-16F7-4668-BE54-9A1E7A4F7556}") = "reacttype1.server.testing", "reacttype1.server.testing\reacttype1.server.testing.csproj", "{A554D4EC-05F2-4635-A56D-1A3CE4EEF971}"
EndProject
Project("{00D1A9C2-B5F0-4AF3-8072-F6C62B433612}") = "TournmentDB", "TournmentDB\TournmentDB.sqlproj", "{62ABFAB9-6EFC-408A-9D82-6E914938188B}"
EndProject
Global
	GlobalSection(SolutionConfigurationPlatforms) = preSolution
		Debug|Any CPU = Debug|Any CPU
		Release|Any CPU = Release|Any CPU
	EndGlobalSection
	GlobalSection(ProjectConfigurationPlatforms) = postSolution
		{30C7C4CA-7D28-40E3-A41F-ED3ED615DB94}.Debug|Any CPU.ActiveCfg = Debug|Any CPU
		{30C7C4CA-7D28-40E3-A41F-ED3ED615DB94}.Debug|Any CPU.Build.0 = Debug|Any CPU
		{30C7C4CA-7D28-40E3-A41F-ED3ED615DB94}.Release|Any CPU.ActiveCfg = Release|Any CPU
		{30C7C4CA-7D28-40E3-A41F-ED3ED615DB94}.Release|Any CPU.Build.0 = Release|Any CPU
		{F6298476-30B5-47C6-8E42-59E33A81A2A9}.Debug|Any CPU.ActiveCfg = Debug|Any CPU
		{F6298476-30B5-47C6-8E42-59E33A81A2A9}.Debug|Any CPU.Build.0 = Debug|Any CPU
		{F6298476-30B5-47C6-8E42-59E33A81A2A9}.Debug|Any CPU.Deploy.0 = Debug|Any CPU
		{F6298476-30B5-47C6-8E42-59E33A81A2A9}.Release|Any CPU.ActiveCfg = Release|Any CPU
		{F6298476-30B5-47C6-8E42-59E33A81A2A9}.Release|Any CPU.Build.0 = Release|Any CPU
		{F6298476-30B5-47C6-8E42-59E33A81A2A9}.Release|Any CPU.Deploy.0 = Release|Any CPU
		{A554D4EC-05F2-4635-A56D-1A3CE4EEF971}.Debug|Any CPU.ActiveCfg = Debug|Any CPU
		{A554D4EC-05F2-4635-A56D-1A3CE4EEF971}.Release|Any CPU.ActiveCfg = Release|Any CPU
		{62ABFAB9-6EFC-408A-9D82-6E914938188B}.Debug|Any CPU.ActiveCfg = Debug|Any CPU
		{62ABFAB9-6EFC-408A-9D82-6E914938188B}.Debug|Any CPU.Deploy.0 = Debug|Any CPU
		{62ABFAB9-6EFC-408A-9D82-6E914938188B}.Release|Any CPU.ActiveCfg = Release|Any CPU
		{62ABFAB9-6EFC-408A-9D82-6E914938188B}.Release|Any CPU.Deploy.0 = Release|Any CPU
	EndGlobalSection
	GlobalSection(SolutionProperties) = preSolution
		HideSolutionNode = FALSE
	EndGlobalSection
	GlobalSection(ExtensibilityGlobals) = postSolution
		SolutionGuid = {A6A0D199-40D1-43C1-8D93-578C3FB161F7}
	EndGlobalSection
EndGlobal
